// !$*UTF8*$!
{
	archiveVersion = 1;
	classes = {
	};
	objectVersion = 55;
	objects = {

/* Begin PBXBuildFile section */
		6C1B725027E8FA8100669120 /* AdjacencyMatrix.swift in Sources */ = {isa = PBXBuildFile; fileRef = 6C1B724F27E8FA8100669120 /* AdjacencyMatrix.swift */; };
		6C47ABA727E939A2004F849A /* AdjacancyList.swift in Sources */ = {isa = PBXBuildFile; fileRef = 6C47ABA627E939A2004F849A /* AdjacancyList.swift */; };
		6C47ABA927E97119004F849A /* DFS.swift in Sources */ = {isa = PBXBuildFile; fileRef = 6C47ABA827E97119004F849A /* DFS.swift */; };
		6C47ABAB27E97124004F849A /* BFS.swift in Sources */ = {isa = PBXBuildFile; fileRef = 6C47ABAA27E97124004F849A /* BFS.swift */; };
		6C47ABB127E9B223004F849A /* ConnectedComponents.swift in Sources */ = {isa = PBXBuildFile; fileRef = 6C47ABB027E9B223004F849A /* ConnectedComponents.swift */; };
		6C75605627D6B10E008EE47B /* BackTracking.swift in Sources */ = {isa = PBXBuildFile; fileRef = 6C75605527D6B10E008EE47B /* BackTracking.swift */; };
		6C75608627D95572008EE47B /* Sorting.swift in Sources */ = {isa = PBXBuildFile; fileRef = 6C75608527D95572008EE47B /* Sorting.swift */; };
		6C75608927D9F242008EE47B /* Searching.swift in Sources */ = {isa = PBXBuildFile; fileRef = 6C75608827D9F242008EE47B /* Searching.swift */; };
		6CB9366627D0167C00C0537E /* main.swift in Sources */ = {isa = PBXBuildFile; fileRef = 6CB9366527D0167C00C0537E /* main.swift */; };
		6CB9366E27D019A700C0537E /* Recursion.swift in Sources */ = {isa = PBXBuildFile; fileRef = 6CB9366D27D019A700C0537E /* Recursion.swift */; };
		6CB9367127D01B4A00C0537E /* String+DPStringTool.swift in Sources */ = {isa = PBXBuildFile; fileRef = 6CB9367027D01B4A00C0537E /* String+DPStringTool.swift */; };
		6CB9367427D16E1900C0537E /* ExhaustiveSearch.swift in Sources */ = {isa = PBXBuildFile; fileRef = 6CB9367327D16E1800C0537E /* ExhaustiveSearch.swift */; };
		6CBFCC5527FCDE3900CFEAAF /* Town.swift in Sources */ = {isa = PBXBuildFile; fileRef = 6CBFCC5427FCDE3900CFEAAF /* Town.swift */; };
		6CBFCC5727FF5DF000CFEAAF /* Maze.swift in Sources */ = {isa = PBXBuildFile; fileRef = 6CBFCC5627FF5DF000CFEAAF /* Maze.swift */; };
		6CBFCC5A27FFF3A100CFEAAF /* TopologicalSort.swift in Sources */ = {isa = PBXBuildFile; fileRef = 6CBFCC5927FFF3A100CFEAAF /* TopologicalSort.swift */; };
		6CBFCC5C28000B5600CFEAAF /* CourseSchedule.swift in Sources */ = {isa = PBXBuildFile; fileRef = 6CBFCC5B28000B5600CFEAAF /* CourseSchedule.swift */; };
		6CBFCC5E2800D5A600CFEAAF /* CourseSchedule2.swift in Sources */ = {isa = PBXBuildFile; fileRef = 6CBFCC5D2800D5A600CFEAAF /* CourseSchedule2.swift */; };
		6CBFCC6128012DE600CFEAAF /* TomatoFarm.swift in Sources */ = {isa = PBXBuildFile; fileRef = 6CBFCC6028012DE600CFEAAF /* TomatoFarm.swift */; };
		6CBFCC632801DB4700CFEAAF /* Bridges.swift in Sources */ = {isa = PBXBuildFile; fileRef = 6CBFCC622801DB4600CFEAAF /* Bridges.swift */; };
		6CBFCC652806163C00CFEAAF /* IndexPriorityQueue.swift in Sources */ = {isa = PBXBuildFile; fileRef = 6CBFCC642806163A00CFEAAF /* IndexPriorityQueue.swift */; };
		6CDB3F4B27F10E7C00348476 /* Bipartite Graph.swift in Sources */ = {isa = PBXBuildFile; fileRef = 6CDB3F4A27F10E7C00348476 /* Bipartite Graph.swift */; };
		6CDB3F4D27F27DA100348476 /* TreeTraversals.swift in Sources */ = {isa = PBXBuildFile; fileRef = 6CDB3F4C27F27DA100348476 /* TreeTraversals.swift */; };
		6CDB3F6727F3884300348476 /* Stack.swift in Sources */ = {isa = PBXBuildFile; fileRef = 6CDB3F6627F3884300348476 /* Stack.swift */; };
		6CDB3F6927F3886D00348476 /* Queue.swift in Sources */ = {isa = PBXBuildFile; fileRef = 6CDB3F6827F3886D00348476 /* Queue.swift */; };
		6CE02B5F27E0DCE2002B161D /* Bag.swift in Sources */ = {isa = PBXBuildFile; fileRef = 6CE02B5E27E0DCE2002B161D /* Bag.swift */; };
/* End PBXBuildFile section */

/* Begin PBXCopyFilesBuildPhase section */
		6CB9366027D0167B00C0537E /* CopyFiles */ = {
			isa = PBXCopyFilesBuildPhase;
			buildActionMask = 2147483647;
			dstPath = /usr/share/man/man1/;
			dstSubfolderSpec = 0;
			files = (
			);
			runOnlyForDeploymentPostprocessing = 1;
		};
/* End PBXCopyFilesBuildPhase section */

/* Begin PBXFileReference section */
		6C1B724F27E8FA8100669120 /* AdjacencyMatrix.swift */ = {isa = PBXFileReference; lastKnownFileType = sourcecode.swift; path = AdjacencyMatrix.swift; sourceTree = "<group>"; };
		6C47ABA627E939A2004F849A /* AdjacancyList.swift */ = {isa = PBXFileReference; lastKnownFileType = sourcecode.swift; path = AdjacancyList.swift; sourceTree = "<group>"; };
		6C47ABA827E97119004F849A /* DFS.swift */ = {isa = PBXFileReference; lastKnownFileType = sourcecode.swift; path = DFS.swift; sourceTree = "<group>"; };
		6C47ABAA27E97124004F849A /* BFS.swift */ = {isa = PBXFileReference; lastKnownFileType = sourcecode.swift; path = BFS.swift; sourceTree = "<group>"; };
		6C47ABB027E9B223004F849A /* ConnectedComponents.swift */ = {isa = PBXFileReference; lastKnownFileType = sourcecode.swift; path = ConnectedComponents.swift; sourceTree = "<group>"; };
		6C75605527D6B10E008EE47B /* BackTracking.swift */ = {isa = PBXFileReference; lastKnownFileType = sourcecode.swift; path = BackTracking.swift; sourceTree = "<group>"; };
		6C75608527D95572008EE47B /* Sorting.swift */ = {isa = PBXFileReference; lastKnownFileType = sourcecode.swift; path = Sorting.swift; sourceTree = "<group>"; };
		6C75608827D9F242008EE47B /* Searching.swift */ = {isa = PBXFileReference; lastKnownFileType = sourcecode.swift; path = Searching.swift; sourceTree = "<group>"; };
		6CB9366227D0167B00C0537E /* Swift - AGDS */ = {isa = PBXFileReference; explicitFileType = "compiled.mach-o.executable"; includeInIndex = 0; path = "Swift - AGDS"; sourceTree = BUILT_PRODUCTS_DIR; };
		6CB9366527D0167C00C0537E /* main.swift */ = {isa = PBXFileReference; lastKnownFileType = sourcecode.swift; path = main.swift; sourceTree = "<group>"; };
		6CB9366D27D019A700C0537E /* Recursion.swift */ = {isa = PBXFileReference; lastKnownFileType = sourcecode.swift; path = Recursion.swift; sourceTree = "<group>"; };
		6CB9367027D01B4A00C0537E /* String+DPStringTool.swift */ = {isa = PBXFileReference; lastKnownFileType = sourcecode.swift; path = "String+DPStringTool.swift"; sourceTree = "<group>"; };
		6CB9367227D142E000C0537E /* story.txt */ = {isa = PBXFileReference; lastKnownFileType = text; path = story.txt; sourceTree = "<group>"; };
		6CB9367327D16E1800C0537E /* ExhaustiveSearch.swift */ = {isa = PBXFileReference; lastKnownFileType = sourcecode.swift; path = ExhaustiveSearch.swift; sourceTree = "<group>"; };
		6CBFCC5427FCDE3900CFEAAF /* Town.swift */ = {isa = PBXFileReference; lastKnownFileType = sourcecode.swift; path = Town.swift; sourceTree = "<group>"; };
		6CBFCC5627FF5DF000CFEAAF /* Maze.swift */ = {isa = PBXFileReference; lastKnownFileType = sourcecode.swift; path = Maze.swift; sourceTree = "<group>"; };
		6CBFCC5927FFF3A100CFEAAF /* TopologicalSort.swift */ = {isa = PBXFileReference; lastKnownFileType = sourcecode.swift; path = TopologicalSort.swift; sourceTree = "<group>"; };
		6CBFCC5B28000B5600CFEAAF /* CourseSchedule.swift */ = {isa = PBXFileReference; lastKnownFileType = sourcecode.swift; path = CourseSchedule.swift; sourceTree = "<group>"; };
		6CBFCC5D2800D5A600CFEAAF /* CourseSchedule2.swift */ = {isa = PBXFileReference; lastKnownFileType = sourcecode.swift; path = CourseSchedule2.swift; sourceTree = "<group>"; };
		6CBFCC6028012DE600CFEAAF /* TomatoFarm.swift */ = {isa = PBXFileReference; lastKnownFileType = sourcecode.swift; path = TomatoFarm.swift; sourceTree = "<group>"; };
		6CBFCC622801DB4600CFEAAF /* Bridges.swift */ = {isa = PBXFileReference; lastKnownFileType = sourcecode.swift; path = Bridges.swift; sourceTree = "<group>"; };
		6CBFCC642806163A00CFEAAF /* IndexPriorityQueue.swift */ = {isa = PBXFileReference; fileEncoding = 4; lastKnownFileType = sourcecode.swift; path = IndexPriorityQueue.swift; sourceTree = "<group>"; };
		6CDB3F4A27F10E7C00348476 /* Bipartite Graph.swift */ = {isa = PBXFileReference; lastKnownFileType = sourcecode.swift; path = "Bipartite Graph.swift"; sourceTree = "<group>"; };
		6CDB3F4C27F27DA100348476 /* TreeTraversals.swift */ = {isa = PBXFileReference; lastKnownFileType = sourcecode.swift; path = TreeTraversals.swift; sourceTree = "<group>"; };
		6CDB3F6627F3884300348476 /* Stack.swift */ = {isa = PBXFileReference; lastKnownFileType = sourcecode.swift; path = Stack.swift; sourceTree = "<group>"; };
		6CDB3F6827F3886D00348476 /* Queue.swift */ = {isa = PBXFileReference; lastKnownFileType = sourcecode.swift; path = Queue.swift; sourceTree = "<group>"; };
		6CE02B5E27E0DCE2002B161D /* Bag.swift */ = {isa = PBXFileReference; lastKnownFileType = sourcecode.swift; path = Bag.swift; sourceTree = "<group>"; };
/* End PBXFileReference section */

/* Begin PBXFrameworksBuildPhase section */
		6CB9365F27D0167B00C0537E /* Frameworks */ = {
			isa = PBXFrameworksBuildPhase;
			buildActionMask = 2147483647;
			files = (
			);
			runOnlyForDeploymentPostprocessing = 0;
		};
/* End PBXFrameworksBuildPhase section */

/* Begin PBXGroup section */
		6C1B724D27E8FA5000669120 /* Graph */ = {
			isa = PBXGroup;
			children = (
				6CBFCC5F2801286400CFEAAF /* TopologicalAssignments */,
				6CBFCC5827FFF38000CFEAAF /* TopologicalSort */,
				6CBFCC5327FCDE2600CFEAAF /* FloodFill */,
				6C1B724E27E8FA5800669120 /* Examples */,
			);
			path = Graph;
			sourceTree = "<group>";
		};
		6C1B724E27E8FA5800669120 /* Examples */ = {
			isa = PBXGroup;
			children = (
				6C1B724F27E8FA8100669120 /* AdjacencyMatrix.swift */,
				6C47ABA627E939A2004F849A /* AdjacancyList.swift */,
				6C47ABA827E97119004F849A /* DFS.swift */,
				6C47ABAA27E97124004F849A /* BFS.swift */,
				6C47ABB027E9B223004F849A /* ConnectedComponents.swift */,
				6CDB3F4A27F10E7C00348476 /* Bipartite Graph.swift */,
			);
			path = Examples;
			sourceTree = "<group>";
		};
		6C1B725127E91A6B00669120 /* Trees */ = {
			isa = PBXGroup;
			children = (
				6CDB3F4C27F27DA100348476 /* TreeTraversals.swift */,
			);
			path = Trees;
			sourceTree = "<group>";
		};
		6C75608727D9F21B008EE47B /* SearchingSorting */ = {
			isa = PBXGroup;
			children = (
				6C75608827D9F242008EE47B /* Searching.swift */,
				6C75608527D95572008EE47B /* Sorting.swift */,
			);
			path = SearchingSorting;
			sourceTree = "<group>";
		};
		6CB9365927D0167B00C0537E = {
			isa = PBXGroup;
			children = (
				6CB9366427D0167B00C0537E /* Swift - AGDS */,
				6CB9366327D0167B00C0537E /* Products */,
			);
			sourceTree = "<group>";
		};
		6CB9366327D0167B00C0537E /* Products */ = {
			isa = PBXGroup;
			children = (
				6CB9366227D0167B00C0537E /* Swift - AGDS */,
			);
			name = Products;
			sourceTree = "<group>";
		};
		6CB9366427D0167B00C0537E /* Swift - AGDS */ = {
			isa = PBXGroup;
			children = (
				6CBFCC662806164600CFEAAF /* DataStructure2 */,
				6C1B725127E91A6B00669120 /* Trees */,
				6C1B724D27E8FA5000669120 /* Graph */,
				6CE02B5D27E0DCB8002B161D /* DataStructures */,
				6C75608727D9F21B008EE47B /* SearchingSorting */,
				6CB9366F27D01AF000C0537E /* Utils */,
				6CB9366C27D0198C00C0537E /* Recursion */,
				6CB9366527D0167C00C0537E /* main.swift */,
			);
			path = "Swift - AGDS";
			sourceTree = "<group>";
		};
		6CB9366C27D0198C00C0537E /* Recursion */ = {
			isa = PBXGroup;
			children = (
				6CB9366D27D019A700C0537E /* Recursion.swift */,
				6CB9367327D16E1800C0537E /* ExhaustiveSearch.swift */,
				6C75605527D6B10E008EE47B /* BackTracking.swift */,
				6CB9367227D142E000C0537E /* story.txt */,
			);
			path = Recursion;
			sourceTree = "<group>";
		};
		6CB9366F27D01AF000C0537E /* Utils */ = {
			isa = PBXGroup;
			children = (
				6CB9367027D01B4A00C0537E /* String+DPStringTool.swift */,
			);
			path = Utils;
			sourceTree = "<group>";
		};
		6CBFCC5327FCDE2600CFEAAF /* FloodFill */ = {
			isa = PBXGroup;
			children = (
				6CBFCC5427FCDE3900CFEAAF /* Town.swift */,
				6CBFCC5627FF5DF000CFEAAF /* Maze.swift */,
				6CBFCC6028012DE600CFEAAF /* TomatoFarm.swift */,
				6CBFCC622801DB4600CFEAAF /* Bridges.swift */,
			);
			path = FloodFill;
			sourceTree = "<group>";
		};
		6CBFCC5827FFF38000CFEAAF /* TopologicalSort */ = {
			isa = PBXGroup;
			children = (
				6CBFCC5927FFF3A100CFEAAF /* TopologicalSort.swift */,
			);
			path = TopologicalSort;
			sourceTree = "<group>";
		};
		6CBFCC5F2801286400CFEAAF /* TopologicalAssignments */ = {
			isa = PBXGroup;
			children = (
				6CBFCC5B28000B5600CFEAAF /* CourseSchedule.swift */,
				6CBFCC5D2800D5A600CFEAAF /* CourseSchedule2.swift */,
			);
			path = TopologicalAssignments;
			sourceTree = "<group>";
		};
		6CBFCC662806164600CFEAAF /* DataStructure2 */ = {
			isa = PBXGroup;
			children = (
				6CBFCC642806163A00CFEAAF /* IndexPriorityQueue.swift */,
			);
			path = DataStructure2;
			sourceTree = "<group>";
		};
		6CE02B5D27E0DCB8002B161D /* DataStructures */ = {
			isa = PBXGroup;
			children = (
				6CE02B5E27E0DCE2002B161D /* Bag.swift */,
				6CDB3F6627F3884300348476 /* Stack.swift */,
				6CDB3F6827F3886D00348476 /* Queue.swift */,
			);
			path = DataStructures;
			sourceTree = "<group>";
		};
/* End PBXGroup section */

/* Begin PBXNativeTarget section */
		6CB9366127D0167B00C0537E /* Swift - AGDS */ = {
			isa = PBXNativeTarget;
			buildConfigurationList = 6CB9366927D0167C00C0537E /* Build configuration list for PBXNativeTarget "Swift - AGDS" */;
			buildPhases = (
				6CB9365E27D0167B00C0537E /* Sources */,
				6CB9365F27D0167B00C0537E /* Frameworks */,
				6CB9366027D0167B00C0537E /* CopyFiles */,
			);
			buildRules = (
			);
			dependencies = (
			);
			name = "Swift - AGDS";
			productName = "Swift - AGDS";
			productReference = 6CB9366227D0167B00C0537E /* Swift - AGDS */;
			productType = "com.apple.product-type.tool";
		};
/* End PBXNativeTarget section */

/* Begin PBXProject section */
		6CB9365A27D0167B00C0537E /* Project object */ = {
			isa = PBXProject;
			attributes = {
				BuildIndependentTargetsInParallel = 1;
				LastSwiftUpdateCheck = 1320;
				LastUpgradeCheck = 1320;
				TargetAttributes = {
					6CB9366127D0167B00C0537E = {
						CreatedOnToolsVersion = 13.2.1;
					};
				};
			};
			buildConfigurationList = 6CB9365D27D0167B00C0537E /* Build configuration list for PBXProject "Swift - AGDS" */;
			compatibilityVersion = "Xcode 13.0";
			developmentRegion = en;
			hasScannedForEncodings = 0;
			knownRegions = (
				en,
				Base,
			);
			mainGroup = 6CB9365927D0167B00C0537E;
			productRefGroup = 6CB9366327D0167B00C0537E /* Products */;
			projectDirPath = "";
			projectRoot = "";
			targets = (
				6CB9366127D0167B00C0537E /* Swift - AGDS */,
			);
		};
/* End PBXProject section */

/* Begin PBXSourcesBuildPhase section */
		6CB9365E27D0167B00C0537E /* Sources */ = {
			isa = PBXSourcesBuildPhase;
			buildActionMask = 2147483647;
			files = (
				6CBFCC5E2800D5A600CFEAAF /* CourseSchedule2.swift in Sources */,
				6C75608627D95572008EE47B /* Sorting.swift in Sources */,
				6CB9367127D01B4A00C0537E /* String+DPStringTool.swift in Sources */,
				6CB9367427D16E1900C0537E /* ExhaustiveSearch.swift in Sources */,
				6CDB3F4B27F10E7C00348476 /* Bipartite Graph.swift in Sources */,
				6CBFCC5C28000B5600CFEAAF /* CourseSchedule.swift in Sources */,
				6CB9366E27D019A700C0537E /* Recursion.swift in Sources */,
				6CBFCC5527FCDE3900CFEAAF /* Town.swift in Sources */,
				6CBFCC632801DB4700CFEAAF /* Bridges.swift in Sources */,
				6C47ABA727E939A2004F849A /* AdjacancyList.swift in Sources */,
				6C75608927D9F242008EE47B /* Searching.swift in Sources */,
				6CDB3F6927F3886D00348476 /* Queue.swift in Sources */,
				6C47ABAB27E97124004F849A /* BFS.swift in Sources */,
				6CDB3F4D27F27DA100348476 /* TreeTraversals.swift in Sources */,
				6CDB3F6727F3884300348476 /* Stack.swift in Sources */,
				6C1B725027E8FA8100669120 /* AdjacencyMatrix.swift in Sources */,
				6C75605627D6B10E008EE47B /* BackTracking.swift in Sources */,
				6CBFCC5727FF5DF000CFEAAF /* Maze.swift in Sources */,
				6C47ABA927E97119004F849A /* DFS.swift in Sources */,
				6C47ABB127E9B223004F849A /* ConnectedComponents.swift in Sources */,
				6CBFCC5A27FFF3A100CFEAAF /* TopologicalSort.swift in Sources */,
				6CE02B5F27E0DCE2002B161D /* Bag.swift in Sources */,
				6CB9366627D0167C00C0537E /* main.swift in Sources */,
				6CBFCC6128012DE600CFEAAF /* TomatoFarm.swift in Sources */,
				6CBFCC652806163C00CFEAAF /* IndexPriorityQueue.swift in Sources */,
			);
			runOnlyForDeploymentPostprocessing = 0;
		};
/* End PBXSourcesBuildPhase section */

/* Begin XCBuildConfiguration section */
		6CB9366727D0167C00C0537E /* Debug */ = {
			isa = XCBuildConfiguration;
			buildSettings = {
				ALWAYS_SEARCH_USER_PATHS = NO;
				CLANG_ANALYZER_NONNULL = YES;
				CLANG_ANALYZER_NUMBER_OBJECT_CONVERSION = YES_AGGRESSIVE;
				CLANG_CXX_LANGUAGE_STANDARD = "gnu++17";
				CLANG_CXX_LIBRARY = "libc++";
				CLANG_ENABLE_MODULES = YES;
				CLANG_ENABLE_OBJC_ARC = YES;
				CLANG_ENABLE_OBJC_WEAK = YES;
				CLANG_WARN_BLOCK_CAPTURE_AUTORELEASING = YES;
				CLANG_WARN_BOOL_CONVERSION = YES;
				CLANG_WARN_COMMA = YES;
				CLANG_WARN_CONSTANT_CONVERSION = YES;
				CLANG_WARN_DEPRECATED_OBJC_IMPLEMENTATIONS = YES;
				CLANG_WARN_DIRECT_OBJC_ISA_USAGE = YES_ERROR;
				CLANG_WARN_DOCUMENTATION_COMMENTS = YES;
				CLANG_WARN_EMPTY_BODY = YES;
				CLANG_WARN_ENUM_CONVERSION = YES;
				CLANG_WARN_INFINITE_RECURSION = YES;
				CLANG_WARN_INT_CONVERSION = YES;
				CLANG_WARN_NON_LITERAL_NULL_CONVERSION = YES;
				CLANG_WARN_OBJC_IMPLICIT_RETAIN_SELF = YES;
				CLANG_WARN_OBJC_LITERAL_CONVERSION = YES;
				CLANG_WARN_OBJC_ROOT_CLASS = YES_ERROR;
				CLANG_WARN_QUOTED_INCLUDE_IN_FRAMEWORK_HEADER = YES;
				CLANG_WARN_RANGE_LOOP_ANALYSIS = YES;
				CLANG_WARN_STRICT_PROTOTYPES = YES;
				CLANG_WARN_SUSPICIOUS_MOVE = YES;
				CLANG_WARN_UNGUARDED_AVAILABILITY = YES_AGGRESSIVE;
				CLANG_WARN_UNREACHABLE_CODE = YES;
				CLANG_WARN__DUPLICATE_METHOD_MATCH = YES;
				COPY_PHASE_STRIP = NO;
				DEBUG_INFORMATION_FORMAT = dwarf;
				ENABLE_STRICT_OBJC_MSGSEND = YES;
				ENABLE_TESTABILITY = YES;
				GCC_C_LANGUAGE_STANDARD = gnu11;
				GCC_DYNAMIC_NO_PIC = NO;
				GCC_NO_COMMON_BLOCKS = YES;
				GCC_OPTIMIZATION_LEVEL = 0;
				GCC_PREPROCESSOR_DEFINITIONS = (
					"DEBUG=1",
					"$(inherited)",
				);
				GCC_WARN_64_TO_32_BIT_CONVERSION = YES;
				GCC_WARN_ABOUT_RETURN_TYPE = YES_ERROR;
				GCC_WARN_UNDECLARED_SELECTOR = YES;
				GCC_WARN_UNINITIALIZED_AUTOS = YES_AGGRESSIVE;
				GCC_WARN_UNUSED_FUNCTION = YES;
				GCC_WARN_UNUSED_VARIABLE = YES;
				MACOSX_DEPLOYMENT_TARGET = 12.0;
				MTL_ENABLE_DEBUG_INFO = INCLUDE_SOURCE;
				MTL_FAST_MATH = YES;
				ONLY_ACTIVE_ARCH = YES;
				SDKROOT = macosx;
				SWIFT_ACTIVE_COMPILATION_CONDITIONS = DEBUG;
				SWIFT_OPTIMIZATION_LEVEL = "-Onone";
			};
			name = Debug;
		};
		6CB9366827D0167C00C0537E /* Release */ = {
			isa = XCBuildConfiguration;
			buildSettings = {
				ALWAYS_SEARCH_USER_PATHS = NO;
				CLANG_ANALYZER_NONNULL = YES;
				CLANG_ANALYZER_NUMBER_OBJECT_CONVERSION = YES_AGGRESSIVE;
				CLANG_CXX_LANGUAGE_STANDARD = "gnu++17";
				CLANG_CXX_LIBRARY = "libc++";
				CLANG_ENABLE_MODULES = YES;
				CLANG_ENABLE_OBJC_ARC = YES;
				CLANG_ENABLE_OBJC_WEAK = YES;
				CLANG_WARN_BLOCK_CAPTURE_AUTORELEASING = YES;
				CLANG_WARN_BOOL_CONVERSION = YES;
				CLANG_WARN_COMMA = YES;
				CLANG_WARN_CONSTANT_CONVERSION = YES;
				CLANG_WARN_DEPRECATED_OBJC_IMPLEMENTATIONS = YES;
				CLANG_WARN_DIRECT_OBJC_ISA_USAGE = YES_ERROR;
				CLANG_WARN_DOCUMENTATION_COMMENTS = YES;
				CLANG_WARN_EMPTY_BODY = YES;
				CLANG_WARN_ENUM_CONVERSION = YES;
				CLANG_WARN_INFINITE_RECURSION = YES;
				CLANG_WARN_INT_CONVERSION = YES;
				CLANG_WARN_NON_LITERAL_NULL_CONVERSION = YES;
				CLANG_WARN_OBJC_IMPLICIT_RETAIN_SELF = YES;
				CLANG_WARN_OBJC_LITERAL_CONVERSION = YES;
				CLANG_WARN_OBJC_ROOT_CLASS = YES_ERROR;
				CLANG_WARN_QUOTED_INCLUDE_IN_FRAMEWORK_HEADER = YES;
				CLANG_WARN_RANGE_LOOP_ANALYSIS = YES;
				CLANG_WARN_STRICT_PROTOTYPES = YES;
				CLANG_WARN_SUSPICIOUS_MOVE = YES;
				CLANG_WARN_UNGUARDED_AVAILABILITY = YES_AGGRESSIVE;
				CLANG_WARN_UNREACHABLE_CODE = YES;
				CLANG_WARN__DUPLICATE_METHOD_MATCH = YES;
				COPY_PHASE_STRIP = NO;
				DEBUG_INFORMATION_FORMAT = "dwarf-with-dsym";
				ENABLE_NS_ASSERTIONS = NO;
				ENABLE_STRICT_OBJC_MSGSEND = YES;
				GCC_C_LANGUAGE_STANDARD = gnu11;
				GCC_NO_COMMON_BLOCKS = YES;
				GCC_WARN_64_TO_32_BIT_CONVERSION = YES;
				GCC_WARN_ABOUT_RETURN_TYPE = YES_ERROR;
				GCC_WARN_UNDECLARED_SELECTOR = YES;
				GCC_WARN_UNINITIALIZED_AUTOS = YES_AGGRESSIVE;
				GCC_WARN_UNUSED_FUNCTION = YES;
				GCC_WARN_UNUSED_VARIABLE = YES;
				MACOSX_DEPLOYMENT_TARGET = 12.0;
				MTL_ENABLE_DEBUG_INFO = NO;
				MTL_FAST_MATH = YES;
				SDKROOT = macosx;
				SWIFT_COMPILATION_MODE = wholemodule;
				SWIFT_OPTIMIZATION_LEVEL = "-O";
			};
			name = Release;
		};
		6CB9366A27D0167C00C0537E /* Debug */ = {
			isa = XCBuildConfiguration;
			buildSettings = {
				CODE_SIGN_STYLE = Automatic;
				DEVELOPMENT_TEAM = 7669655F54;
				ENABLE_HARDENED_RUNTIME = YES;
				PRODUCT_NAME = "$(TARGET_NAME)";
				SWIFT_VERSION = 5.0;
			};
			name = Debug;
		};
		6CB9366B27D0167C00C0537E /* Release */ = {
			isa = XCBuildConfiguration;
			buildSettings = {
				CODE_SIGN_STYLE = Automatic;
				DEVELOPMENT_TEAM = 7669655F54;
				ENABLE_HARDENED_RUNTIME = YES;
				PRODUCT_NAME = "$(TARGET_NAME)";
				SWIFT_VERSION = 5.0;
			};
			name = Release;
		};
/* End XCBuildConfiguration section */

/* Begin XCConfigurationList section */
		6CB9365D27D0167B00C0537E /* Build configuration list for PBXProject "Swift - AGDS" */ = {
			isa = XCConfigurationList;
			buildConfigurations = (
				6CB9366727D0167C00C0537E /* Debug */,
				6CB9366827D0167C00C0537E /* Release */,
			);
			defaultConfigurationIsVisible = 0;
			defaultConfigurationName = Release;
		};
		6CB9366927D0167C00C0537E /* Build configuration list for PBXNativeTarget "Swift - AGDS" */ = {
			isa = XCConfigurationList;
			buildConfigurations = (
				6CB9366A27D0167C00C0537E /* Debug */,
				6CB9366B27D0167C00C0537E /* Release */,
			);
			defaultConfigurationIsVisible = 0;
			defaultConfigurationName = Release;
		};
/* End XCConfigurationList section */
	};
	rootObject = 6CB9365A27D0167B00C0537E /* Project object */;
}
